
Microsoft Visual Studio Solution File, Format Version 12.00
# Visual Studio 15
VisualStudioVersion = 15.0.27428.2005
MinimumVisualStudioVersion = 10.0.40219.1
Project("{8BC9CEB8-8B4A-11D0-8D11-00A0C91BC942}") = "Breadth first", "Breadth first\Breadth first.vcxproj", "{4F5BF306-81E4-4797-B256-6458990136D7}"
EndProject
Global
	GlobalSection(SolutionConfigurationPlatforms) = preSolution
		Debug|x64 = Debug|x64
		Debug|x86 = Debug|x86
		Release|x64 = Release|x64
		Release|x86 = Release|x86
	EndGlobalSection
	GlobalSection(ProjectConfigurationPlatforms) = postSolution
		{4F5BF306-81E4-4797-B256-6458990136D7}.Debug|x64.ActiveCfg = Debug|x64
		{4F5BF306-81E4-4797-B256-6458990136D7}.Debug|x64.Build.0 = Debug|x64
		{4F5BF306-81E4-4797-B256-6458990136D7}.Debug|x86.ActiveCfg = Debug|Win32
		{4F5BF306-81E4-4797-B256-6458990136D7}.Debug|x86.Build.0 = Debug|Win32
		{4F5BF306-81E4-4797-B256-6458990136D7}.Release|x64.ActiveCfg = Release|x64
		{4F5BF306-81E4-4797-B256-6458990136D7}.Release|x64.Build.0 = Release|x64
		{4F5BF306-81E4-4797-B256-6458990136D7}.Release|x86.ActiveCfg = Release|Win32
		{4F5BF306-81E4-4797-B256-6458990136D7}.Release|x86.Build.0 = Release|Win32
	EndGlobalSection
	GlobalSection(SolutionProperties) = preSolution
		HideSolutionNode = FALSE
	EndGlobalSection
	GlobalSection(ExtensibilityGlobals) = postSolution
		SolutionGuid = {C2CD7069-6353-4CC5-BDBE-59D4AB253A82}
	EndGlobalSection
EndGlobal
